// !$*UTF8*$!
{
	archiveVersion = 1;
	classes = {
	};
	objectVersion = 46;
	objects = {

/* Begin PBXBuildFile section */
		7661E5401C280C3800A4B08A /* main.m in Sources */ = {isa = PBXBuildFile; fileRef = 7661E53F1C280C3800A4B08A /* main.m */; };
		7661E5431C280C3800A4B08A /* AppDelegate.m in Sources */ = {isa = PBXBuildFile; fileRef = 7661E5421C280C3800A4B08A /* AppDelegate.m */; };
		7661E5461C280C3800A4B08A /* ViewController.m in Sources */ = {isa = PBXBuildFile; fileRef = 7661E5451C280C3800A4B08A /* ViewController.m */; };
		7661E5491C280C3800A4B08A /* Main.storyboard in Resources */ = {isa = PBXBuildFile; fileRef = 7661E5471C280C3800A4B08A /* Main.storyboard */; };
		7661E54B1C280C3800A4B08A /* Images.xcassets in Resources */ = {isa = PBXBuildFile; fileRef = 7661E54A1C280C3800A4B08A /* Images.xcassets */; };
		7661E54E1C280C3800A4B08A /* LaunchScreen.xib in Resources */ = {isa = PBXBuildFile; fileRef = 7661E54C1C280C3800A4B08A /* LaunchScreen.xib */; };
		7661E55A1C280C3800A4B08A /* gituserTests.m in Sources */ = {isa = PBXBuildFile; fileRef = 7661E5591C280C3800A4B08A /* gituserTests.m */; };
/* End PBXBuildFile section */

/* Begin PBXContainerItemProxy section */
		7661E5541C280C3800A4B08A /* PBXContainerItemProxy */ = {
			isa = PBXContainerItemProxy;
			containerPortal = 7661E5321C280C3800A4B08A /* Project object */;
			proxyType = 1;
			remoteGlobalIDString = 7661E5391C280C3800A4B08A;
			remoteInfo = gituser;
		};
/* End PBXContainerItemProxy section */

/* Begin PBXFileReference section */
		7661E53A1C280C3800A4B08A /* gituser.app */ = {isa = PBXFileReference; explicitFileType = wrapper.application; includeInIndex = 0; path = gituser.app; sourceTree = BUILT_PRODUCTS_DIR; };
		7661E53E1C280C3800A4B08A /* Info.plist */ = {isa = PBXFileReference; lastKnownFileType = text.plist.xml; path = Info.plist; sourceTree = "<group>"; };
		7661E53F1C280C3800A4B08A /* main.m */ = {isa = PBXFileReference; lastKnownFileType = sourcecode.c.objc; path = main.m; sourceTree = "<group>"; };
		7661E5411C280C3800A4B08A /* AppDelegate.h */ = {isa = PBXFileReference; lastKnownFileType = sourcecode.c.h; path = AppDelegate.h; sourceTree = "<group>"; };
		7661E5421C280C3800A4B08A /* AppDelegate.m */ = {isa = PBXFileReference; lastKnownFileType = sourcecode.c.objc; path = AppDelegate.m; sourceTree = "<group>"; };
		7661E5441C280C3800A4B08A /* ViewController.h */ = {isa = PBXFileReference; lastKnownFileType = sourcecode.c.h; path = ViewController.h; sourceTree = "<group>"; };
		7661E5451C280C3800A4B08A /* ViewController.m */ = {isa = PBXFileReference; lastKnownFileType = sourcecode.c.objc; path = ViewController.m; sourceTree = "<group>"; };
		7661E5481C280C3800A4B08A /* Base */ = {isa = PBXFileReference; lastKnownFileType = file.storyboard; name = Base; path = Base.lproj/Main.storyboard; sourceTree = "<group>"; };
		7661E54A1C280C3800A4B08A /* Images.xcassets */ = {isa = PBXFileReference; lastKnownFileType = folder.assetcatalog; path = Images.xcassets; sourceTree = "<group>"; };
		7661E54D1C280C3800A4B08A /* Base */ = {isa = PBXFileReference; lastKnownFileType = file.xib; name = Base; path = Base.lproj/LaunchScreen.xib; sourceTree = "<group>"; };
		7661E5531C280C3800A4B08A /* gituserTests.xctest */ = {isa = PBXFileReference; explicitFileType = wrapper.cfbundle; includeInIndex = 0; path = gituserTests.xctest; sourceTree = BUILT_PRODUCTS_DIR; };
		7661E5581C280C3800A4B08A /* Info.plist */ = {isa = PBXFileReference; lastKnownFileType = text.plist.xml; path = Info.plist; sourceTree = "<group>"; };
		7661E5591C280C3800A4B08A /* gituserTests.m */ = {isa = PBXFileReference; lastKnownFileType = sourcecode.c.objc; path = gituserTests.m; sourceTree = "<group>"; };
/* End PBXFileReference section */

/* Begin PBXFrameworksBuildPhase section */
		7661E5371C280C3800A4B08A /* Frameworks */ = {
			isa = PBXFrameworksBuildPhase;
			buildActionMask = 2147483647;
			files = (
			);
			runOnlyForDeploymentPostprocessing = 0;
		};
		7661E5501C280C3800A4B08A /* Frameworks */ = {
			isa = PBXFrameworksBuildPhase;
			buildActionMask = 2147483647;
			files = (
			);
			runOnlyForDeploymentPostprocessing = 0;
		};
/* End PBXFrameworksBuildPhase section */

/* Begin PBXGroup section */
		7661E5311C280C3800A4B08A = {
			isa = PBXGroup;
			children = (
				7661E53C1C280C3800A4B08A /* gituser */,
				7661E5561C280C3800A4B08A /* gituserTests */,
				7661E53B1C280C3800A4B08A /* Products */,
			);
			sourceTree = "<group>";
		};
		7661E53B1C280C3800A4B08A /* Products */ = {
			isa = PBXGroup;
			children = (
				7661E53A1C280C3800A4B08A /* gituser.app */,
				7661E5531C280C3800A4B08A /* gituserTests.xctest */,
			);
			name = Products;
			sourceTree = "<group>";
		};
		7661E53C1C280C3800A4B08A /* gituser */ = {
			isa = PBXGroup;
			children = (
				7661E5411C280C3800A4B08A /* AppDelegate.h */,
				7661E5421C280C3800A4B08A /* AppDelegate.m */,
				7661E5441C280C3800A4B08A /* ViewController.h */,
				7661E5451C280C3800A4B08A /* ViewController.m */,
				7661E5471C280C3800A4B08A /* Main.storyboard */,
				7661E54A1C280C3800A4B08A /* Images.xcassets */,
				7661E54C1C280C3800A4B08A /* LaunchScreen.xib */,
				7661E53D1C280C3800A4B08A /* Supporting Files */,
			);
			path = gituser;
			sourceTree = "<group>";
		};
		7661E53D1C280C3800A4B08A /* Supporting Files */ = {
			isa = PBXGroup;
			children = (
				7661E53E1C280C3800A4B08A /* Info.plist */,
				7661E53F1C280C3800A4B08A /* main.m */,
			);
			name = "Supporting Files";
			sourceTree = "<group>";
		};
		7661E5561C280C3800A4B08A /* gituserTests */ = {
			isa = PBXGroup;
			children = (
				7661E5591C280C3800A4B08A /* gituserTests.m */,
				7661E5571C280C3800A4B08A /* Supporting Files */,
			);
			path = gituserTests;
			sourceTree = "<group>";
		};
		7661E5571C280C3800A4B08A /* Supporting Files */ = {
			isa = PBXGroup;
			children = (
				7661E5581C280C3800A4B08A /* Info.plist */,
			);
			name = "Supporting Files";
			sourceTree = "<group>";
		};
/* End PBXGroup section */

/* Begin PBXNativeTarget section */
		7661E5391C280C3800A4B08A /* gituser */ = {
			isa = PBXNativeTarget;
			buildConfigurationList = 7661E55D1C280C3800A4B08A /* Build configuration list for PBXNativeTarget "gituser" */;
			buildPhases = (
				7661E5361C280C3800A4B08A /* Sources */,
				7661E5371C280C3800A4B08A /* Frameworks */,
				7661E5381C280C3800A4B08A /* Resources */,
			);
			buildRules = (
			);
			dependencies = (
			);
			name = gituser;
			productName = gituser;
			productReference = 7661E53A1C280C3800A4B08A /* gituser.app */;
			productType = "com.apple.product-type.application";
		};
		7661E5521C280C3800A4B08A /* gituserTests */ = {
			isa = PBXNativeTarget;
			buildConfigurationList = 7661E5601C280C3800A4B08A /* Build configuration list for PBXNativeTarget "gituserTests" */;
			buildPhases = (
				7661E54F1C280C3800A4B08A /* Sources */,
				7661E5501C280C3800A4B08A /* Frameworks */,
				7661E5511C280C3800A4B08A /* Resources */,
			);
			buildRules = (
			);
			dependencies = (
				7661E5551C280C3800A4B08A /* PBXTargetDependency */,
			);
			name = gituserTests;
			productName = gituserTests;
			productReference = 7661E5531C280C3800A4B08A /* gituserTests.xctest */;
			productType = "com.apple.product-type.bundle.unit-test";
		};
/* End PBXNativeTarget section */

/* Begin PBXProject section */
		7661E5321C280C3800A4B08A /* Project object */ = {
			isa = PBXProject;
			attributes = {
				LastUpgradeCheck = 0630;
				ORGANIZATIONNAME = "李安培";
				TargetAttributes = {
					7661E5391C280C3800A4B08A = {
						CreatedOnToolsVersion = 6.3.1;
					};
					7661E5521C280C3800A4B08A = {
						CreatedOnToolsVersion = 6.3.1;
						TestTargetID = 7661E5391C280C3800A4B08A;
					};
				};
			};
			buildConfigurationList = 7661E5351C280C3800A4B08A /* Build configuration list for PBXProject "gituser" */;
			compatibilityVersion = "Xcode 3.2";
			developmentRegion = English;
			hasScannedForEncodings = 0;
			knownRegions = (
				en,
				Base,
			);
			mainGroup = 7661E5311C280C3800A4B08A;
			productRefGroup = 7661E53B1C280C3800A4B08A /* Products */;
			projectDirPath = "";
			projectRoot = "";
			targets = (
				7661E5391C280C3800A4B08A /* gituser */,
				7661E5521C280C3800A4B08A /* gituserTests */,
			);
		};
/* End PBXProject section */

/* Begin PBXResourcesBuildPhase section */
		7661E5381C280C3800A4B08A /* Resources */ = {
			isa = PBXResourcesBuildPhase;
			buildActionMask = 2147483647;
			files = (
				7661E5491C280C3800A4B08A /* Main.storyboard in Resources */,
				7661E54E1C280C3800A4B08A /* LaunchScreen.xib in Resources */,
				7661E54B1C280C3800A4B08A /* Images.xcassets in Resources */,
			);
			runOnlyForDeploymentPostprocessing = 0;
		};
		7661E5511C280C3800A4B08A /* Resources */ = {
			isa = PBXResourcesBuildPhase;
			buildActionMask = 2147483647;
			files = (
			);
			runOnlyForDeploymentPostprocessing = 0;
		};
/* End PBXResourcesBuildPhase section */

/* Begin PBXSourcesBuildPhase section */
		7661E5361C280C3800A4B08A /* Sources */ = {
			isa = PBXSourcesBuildPhase;
			buildActionMask = 2147483647;
			files = (
				7661E5461C280C3800A4B08A /* ViewController.m in Sources */,
				7661E5431C280C3800A4B08A /* AppDelegate.m in Sources */,
				7661E5401C280C3800A4B08A /* main.m in Sources */,
			);
			runOnlyForDeploymentPostprocessing = 0;
		};
		7661E54F1C280C3800A4B08A /* Sources */ = {
			isa = PBXSourcesBuildPhase;
			buildActionMask = 2147483647;
			files = (
				7661E55A1C280C3800A4B08A /* gituserTests.m in Sources */,
			);
			runOnlyForDeploymentPostprocessing = 0;
		};
/* End PBXSourcesBuildPhase section */

/* Begin PBXTargetDependency section */
		7661E5551C280C3800A4B08A /* PBXTargetDependency */ = {
			isa = PBXTargetDependency;
			target = 7661E5391C280C3800A4B08A /* gituser */;
			targetProxy = 7661E5541C280C3800A4B08A /* PBXContainerItemProxy */;
		};
/* End PBXTargetDependency section */

/* Begin PBXVariantGroup section */
		7661E5471C280C3800A4B08A /* Main.storyboard */ = {
			isa = PBXVariantGroup;
			children = (
				7661E5481C280C3800A4B08A /* Base */,
			);
			name = Main.storyboard;
			sourceTree = "<group>";
		};
		7661E54C1C280C3800A4B08A /* LaunchScreen.xib */ = {
			isa = PBXVariantGroup;
			children = (
				7661E54D1C280C3800A4B08A /* Base */,
			);
			name = LaunchScreen.xib;
			sourceTree = "<group>";
		};
/* End PBXVariantGroup section */

/* Begin XCBuildConfiguration section */
		7661E55B1C280C3800A4B08A /* Debug */ = {
			isa = XCBuildConfiguration;
			buildSettings = {
				ALWAYS_SEARCH_USER_PATHS = NO;
				CLANG_CXX_LANGUAGE_STANDARD = "gnu++0x";
				CLANG_CXX_LIBRARY = "libc++";
				CLANG_ENABLE_MODULES = YES;
				CLANG_ENABLE_OBJC_ARC = YES;
				CLANG_WARN_BOOL_CONVERSION = YES;
				CLANG_WARN_CONSTANT_CONVERSION = YES;
				CLANG_WARN_DIRECT_OBJC_ISA_USAGE = YES_ERROR;
				CLANG_WARN_EMPTY_BODY = YES;
				CLANG_WARN_ENUM_CONVERSION = YES;
				CLANG_WARN_INT_CONVERSION = YES;
				CLANG_WARN_OBJC_ROOT_CLASS = YES_ERROR;
				CLANG_WARN_UNREACHABLE_CODE = YES;
				CLANG_WARN__DUPLICATE_METHOD_MATCH = YES;
				"CODE_SIGN_IDENTITY[sdk=iphoneos*]" = "iPhone Developer";
				COPY_PHASE_STRIP = NO;
				DEBUG_INFORMATION_FORMAT = "dwarf-with-dsym";
				ENABLE_STRICT_OBJC_MSGSEND = YES;
				GCC_C_LANGUAGE_STANDARD = gnu99;
				GCC_DYNAMIC_NO_PIC = NO;
				GCC_NO_COMMON_BLOCKS = YES;
				GCC_OPTIMIZATION_LEVEL = 0;
				GCC_PREPROCESSOR_DEFINITIONS = (
					"DEBUG=1",
					"$(inherited)",
				);
				GCC_SYMBOLS_PRIVATE_EXTERN = NO;
				GCC_WARN_64_TO_32_BIT_CONVERSION = YES;
				GCC_WARN_ABOUT_RETURN_TYPE = YES_ERROR;
				GCC_WARN_UNDECLARED_SELECTOR = YES;
				GCC_WARN_UNINITIALIZED_AUTOS = YES_AGGRESSIVE;
				GCC_WARN_UNUSED_FUNCTION = YES;
				GCC_WARN_UNUSED_VARIABLE = YES;
				IPHONEOS_DEPLOYMENT_TARGET = 8.3;
				MTL_ENABLE_DEBUG_INFO = YES;
				ONLY_ACTIVE_ARCH = YES;
				SDKROOT = iphoneos;
			};
			name = Debug;
		};
		7661E55C1C280C3800A4B08A /* Release */ = {
			isa = XCBuildConfiguration;
			buildSettings = {
				ALWAYS_SEARCH_USER_PATHS = NO;
				CLANG_CXX_LANGUAGE_STANDARD = "gnu++0x";
				CLANG_CXX_LIBRARY = "libc++";
				CLANG_ENABLE_MODULES = YES;
				CLANG_ENABLE_OBJC_ARC = YES;
				CLANG_WARN_BOOL_CONVERSION = YES;
				CLANG_WARN_CONSTANT_CONVERSION = YES;
				CLANG_WARN_DIRECT_OBJC_ISA_USAGE = YES_ERROR;
				CLANG_WARN_EMPTY_BODY = YES;
				CLANG_WARN_ENUM_CONVERSION = YES;
				CLANG_WARN_INT_CONVERSION = YES;
				CLANG_WARN_OBJC_ROOT_CLASS = YES_ERROR;
				CLANG_WARN_UNREACHABLE_CODE = YES;
				CLANG_WARN__DUPLICATE_METHOD_MATCH = YES;
				"CODE_SIGN_IDENTITY[sdk=iphoneos*]" = "iPhone Developer";
				COPY_PHASE_STRIP = NO;
				DEBUG_INFORMATION_FORMAT = "dwarf-with-dsym";
				ENABLE_NS_ASSERTIONS = NO;
				ENABLE_STRICT_OBJC_MSGSEND = YES;
				GCC_C_LANGUAGE_STANDARD = gnu99;
				GCC_NO_COMMON_BLOCKS = YES;
				GCC_WARN_64_TO_32_BIT_CONVERSION = YES;
				GCC_WARN_ABOUT_RETURN_TYPE = YES_ERROR;
				GCC_WARN_UNDECLARED_SELECTOR = YES;
				GCC_WARN_UNINITIALIZED_AUTOS = YES_AGGRESSIVE;
				GCC_WARN_UNUSED_FUNCTION = YES;
				GCC_WARN_UNUSED_VARIABLE = YES;
				IPHONEOS_DEPLOYMENT_TARGET = 8.3;
				MTL_ENABLE_DEBUG_INFO = NO;
				SDKROOT = iphoneos;
				VALIDATE_PRODUCT = YES;
			};
			name = Release;
		};
		7661E55E1C280C3800A4B08A /* Debug */ = {
			isa = XCBuildConfiguration;
			buildSettings = {
				ASSETCATALOG_COMPILER_APPICON_NAME = AppIcon;
				INFOPLIST_FILE = gituser/Info.plist;
				LD_RUNPATH_SEARCH_PATHS = "$(inherited) @executable_path/Frameworks";
				PRODUCT_NAME = "$(TARGET_NAME)";
			};
			name = Debug;
		};
		7661E55F1C280C3800A4B08A /* Release */ = {
			isa = XCBuildConfiguration;
			buildSettings = {
				ASSETCATALOG_COMPILER_APPICON_NAME = AppIcon;
				INFOPLIST_FILE = gituser/Info.plist;
				LD_RUNPATH_SEARCH_PATHS = "$(inherited) @executable_path/Frameworks";
				PRODUCT_NAME = "$(TARGET_NAME)";
			};
			name = Release;
		};
		7661E5611C280C3800A4B08A /* Debug */ = {
			isa = XCBuildConfiguration;
			buildSettings = {
				BUNDLE_LOADER = "$(TEST_HOST)";
				FRAMEWORK_SEARCH_PATHS = (
					"$(SDKROOT)/Developer/Library/Frameworks",
					"$(inherited)",
				);
				GCC_PREPROCESSOR_DEFINITIONS = (
					"DEBUG=1",
					"$(inherited)",
				);
				INFOPLIST_FILE = gituserTests/Info.plist;
				LD_RUNPATH_SEARCH_PATHS = "$(inherited) @executable_path/Frameworks @loader_path/Frameworks";
				PRODUCT_NAME = "$(TARGET_NAME)";
				TEST_HOST = "$(BUILT_PRODUCTS_DIR)/gituser.app/gituser";
			};
			name = Debug;
		};
		7661E5621C280C3800A4B08A /* Release */ = {
			isa = XCBuildConfiguration;
			buildSettings = {
				BUNDLE_LOADER = "$(TEST_HOST)";
				FRAMEWORK_SEARCH_PATHS = (
					"$(SDKROOT)/Developer/Library/Frameworks",
					"$(inherited)",
				);
				INFOPLIST_FILE = gituserTests/Info.plist;
				LD_RUNPATH_SEARCH_PATHS = "$(inherited) @executable_path/Frameworks @loader_path/Frameworks";
				PRODUCT_NAME = "$(TARGET_NAME)";
				TEST_HOST = "$(BUILT_PRODUCTS_DIR)/gituser.app/gituser";
			};
			name = Release;
		};
/* End XCBuildConfiguration section */

/* Begin XCConfigurationList section */
		7661E5351C280C3800A4B08A /* Build configuration list for PBXProject "gituser" */ = {
			isa = XCConfigurationList;
			buildConfigurations = (
				7661E55B1C280C3800A4B08A /* Debug */,
				7661E55C1C280C3800A4B08A /* Release */,
			);
			defaultConfigurationIsVisible = 0;
			defaultConfigurationName = Release;
		};
		7661E55D1C280C3800A4B08A /* Build configuration list for PBXNativeTarget "gituser" */ = {
			isa = XCConfigurationList;
			buildConfigurations = (
				7661E55E1C280C3800A4B08A /* Debug */,
				7661E55F1C280C3800A4B08A /* Release */,
			);
			defaultConfigurationIsVisible = 0;
		};
		7661E5601C280C3800A4B08A /* Build configuration list for PBXNativeTarget "gituserTests" */ = {
			isa = XCConfigurationList;
			buildConfigurations = (
				7661E5611C280C3800A4B08A /* Debug */,
				7661E5621C280C3800A4B08A /* Release */,
			);
			defaultConfigurationIsVisible = 0;
		};
/* End XCConfigurationList section */
	};
	rootObject = 7661E5321C280C3800A4B08A /* Project object */;
}
